// !$*UTF8*$!
{
	archiveVersion = 1;
	classes = {
	};
	objectVersion = 46;
	objects = {

/* Begin PBXBuildFile section */
		B5DC26711CCA921900D8F2CA /* AppDelegate.swift in Sources */ = {isa = PBXBuildFile; fileRef = B5DC26701CCA921900D8F2CA /* AppDelegate.swift */; };
		B5DC26731CCA921900D8F2CA /* ViewController.swift in Sources */ = {isa = PBXBuildFile; fileRef = B5DC26721CCA921900D8F2CA /* ViewController.swift */; };
		B5DC26761CCA921A00D8F2CA /* Main.storyboard in Resources */ = {isa = PBXBuildFile; fileRef = B5DC26741CCA921A00D8F2CA /* Main.storyboard */; };
		B5DC26781CCA921A00D8F2CA /* Assets.xcassets in Resources */ = {isa = PBXBuildFile; fileRef = B5DC26771CCA921A00D8F2CA /* Assets.xcassets */; };
		B5DC267B1CCA921A00D8F2CA /* LaunchScreen.storyboard in Resources */ = {isa = PBXBuildFile; fileRef = B5DC26791CCA921A00D8F2CA /* LaunchScreen.storyboard */; };
		B5DC26841CCA979000D8F2CA /* PublicArt.json in Resources */ = {isa = PBXBuildFile; fileRef = B5DC26831CCA979000D8F2CA /* PublicArt.json */; };
		B5DC26861CCA990F00D8F2CA /* Artwork.swift in Sources */ = {isa = PBXBuildFile; fileRef = B5DC26851CCA990F00D8F2CA /* Artwork.swift */; };
		B5DC26881CCAA15300D8F2CA /* VCMapView.swift in Sources */ = {isa = PBXBuildFile; fileRef = B5DC26871CCAA15300D8F2CA /* VCMapView.swift */; };
		B5DC268C1CCACA7000D8F2CA /* JSON.swift in Sources */ = {isa = PBXBuildFile; fileRef = B5DC268B1CCACA7000D8F2CA /* JSON.swift */; };
/* End PBXBuildFile section */

/* Begin PBXFileReference section */
		B5DC266D1CCA921900D8F2CA /* HonoluluArt.app */ = {isa = PBXFileReference; explicitFileType = wrapper.application; includeInIndex = 0; path = HonoluluArt.app; sourceTree = BUILT_PRODUCTS_DIR; };
		B5DC26701CCA921900D8F2CA /* AppDelegate.swift */ = {isa = PBXFileReference; lastKnownFileType = sourcecode.swift; path = AppDelegate.swift; sourceTree = "<group>"; };
		B5DC26721CCA921900D8F2CA /* ViewController.swift */ = {isa = PBXFileReference; lastKnownFileType = sourcecode.swift; path = ViewController.swift; sourceTree = "<group>"; };
		B5DC26751CCA921A00D8F2CA /* Base */ = {isa = PBXFileReference; lastKnownFileType = file.storyboard; name = Base; path = Base.lproj/Main.storyboard; sourceTree = "<group>"; };
		B5DC26771CCA921A00D8F2CA /* Assets.xcassets */ = {isa = PBXFileReference; lastKnownFileType = folder.assetcatalog; path = Assets.xcassets; sourceTree = "<group>"; };
		B5DC267A1CCA921A00D8F2CA /* Base */ = {isa = PBXFileReference; lastKnownFileType = file.storyboard; name = Base; path = Base.lproj/LaunchScreen.storyboard; sourceTree = "<group>"; };
		B5DC267C1CCA921A00D8F2CA /* Info.plist */ = {isa = PBXFileReference; lastKnownFileType = text.plist.xml; path = Info.plist; sourceTree = "<group>"; };
		B5DC26831CCA979000D8F2CA /* PublicArt.json */ = {isa = PBXFileReference; fileEncoding = 4; lastKnownFileType = text.json; path = PublicArt.json; sourceTree = "<group>"; };
		B5DC26851CCA990F00D8F2CA /* Artwork.swift */ = {isa = PBXFileReference; fileEncoding = 4; lastKnownFileType = sourcecode.swift; path = Artwork.swift; sourceTree = "<group>"; };
		B5DC26871CCAA15300D8F2CA /* VCMapView.swift */ = {isa = PBXFileReference; fileEncoding = 4; lastKnownFileType = sourcecode.swift; path = VCMapView.swift; sourceTree = "<group>"; };
		B5DC268B1CCACA7000D8F2CA /* JSON.swift */ = {isa = PBXFileReference; fileEncoding = 4; lastKnownFileType = sourcecode.swift; path = JSON.swift; sourceTree = "<group>"; };
/* End PBXFileReference section */

/* Begin PBXFrameworksBuildPhase section */
		B5DC266A1CCA921900D8F2CA /* Frameworks */ = {
			isa = PBXFrameworksBuildPhase;
			buildActionMask = 2147483647;
			files = (
			);
			runOnlyForDeploymentPostprocessing = 0;
		};
/* End PBXFrameworksBuildPhase section */

/* Begin PBXGroup section */
		B5DC26641CCA921900D8F2CA = {
			isa = PBXGroup;
			children = (
				B5DC26821CCA978000D8F2CA /* Supporting Files */,
				B5DC266F1CCA921900D8F2CA /* HonoluluArt */,
				B5DC266E1CCA921900D8F2CA /* Products */,
			);
			sourceTree = "<group>";
		};
		B5DC266E1CCA921900D8F2CA /* Products */ = {
			isa = PBXGroup;
			children = (
				B5DC266D1CCA921900D8F2CA /* HonoluluArt.app */,
			);
			name = Products;
			sourceTree = "<group>";
		};
		B5DC266F1CCA921900D8F2CA /* HonoluluArt */ = {
			isa = PBXGroup;
			children = (
				B5DC268B1CCACA7000D8F2CA /* JSON.swift */,
				B5DC26701CCA921900D8F2CA /* AppDelegate.swift */,
				B5DC26721CCA921900D8F2CA /* ViewController.swift */,
				B5DC26741CCA921A00D8F2CA /* Main.storyboard */,
				B5DC26771CCA921A00D8F2CA /* Assets.xcassets */,
				B5DC26791CCA921A00D8F2CA /* LaunchScreen.storyboard */,
				B5DC267C1CCA921A00D8F2CA /* Info.plist */,
				B5DC26851CCA990F00D8F2CA /* Artwork.swift */,
				B5DC26871CCAA15300D8F2CA /* VCMapView.swift */,
			);
			path = HonoluluArt;
			sourceTree = "<group>";
		};
		B5DC26821CCA978000D8F2CA /* Supporting Files */ = {
			isa = PBXGroup;
			children = (
				B5DC26831CCA979000D8F2CA /* PublicArt.json */,
			);
			name = "Supporting Files";
			sourceTree = "<group>";
		};
/* End PBXGroup section */

/* Begin PBXNativeTarget section */
		B5DC266C1CCA921900D8F2CA /* HonoluluArt */ = {
			isa = PBXNativeTarget;
			buildConfigurationList = B5DC267F1CCA921A00D8F2CA /* Build configuration list for PBXNativeTarget "HonoluluArt" */;
			buildPhases = (
				B5DC26691CCA921900D8F2CA /* Sources */,
				B5DC266A1CCA921900D8F2CA /* Frameworks */,
				B5DC266B1CCA921900D8F2CA /* Resources */,
			);
			buildRules = (
			);
			dependencies = (
			);
			name = HonoluluArt;
			productName = HonoluluArt;
			productReference = B5DC266D1CCA921900D8F2CA /* HonoluluArt.app */;
			productType = "com.apple.product-type.application";
		};
/* End PBXNativeTarget section */

/* Begin PBXProject section */
		B5DC26651CCA921900D8F2CA /* Project object */ = {
			isa = PBXProject;
			attributes = {
				LastSwiftUpdateCheck = 0730;
				LastUpgradeCheck = 0730;
				ORGANIZATIONNAME = projas;
				TargetAttributes = {
					B5DC266C1CCA921900D8F2CA = {
						CreatedOnToolsVersion = 7.3;
						DevelopmentTeam = LHJA6J73E9;
					};
				};
			};
			buildConfigurationList = B5DC26681CCA921900D8F2CA /* Build configuration list for PBXProject "HonoluluArt" */;
			compatibilityVersion = "Xcode 3.2";
			developmentRegion = English;
			hasScannedForEncodings = 0;
			knownRegions = (
				en,
				Base,
			);
			mainGroup = B5DC26641CCA921900D8F2CA;
			productRefGroup = B5DC266E1CCA921900D8F2CA /* Products */;
			projectDirPath = "";
			projectRoot = "";
			targets = (
				B5DC266C1CCA921900D8F2CA /* HonoluluArt */,
			);
		};
/* End PBXProject section */

/* Begin PBXResourcesBuildPhase section */
		B5DC266B1CCA921900D8F2CA /* Resources */ = {
			isa = PBXResourcesBuildPhase;
			buildActionMask = 2147483647;
			files = (
				B5DC26841CCA979000D8F2CA /* PublicArt.json in Resources */,
				B5DC267B1CCA921A00D8F2CA /* LaunchScreen.storyboard in Resources */,
				B5DC26781CCA921A00D8F2CA /* Assets.xcassets in Resources */,
				B5DC26761CCA921A00D8F2CA /* Main.storyboard in Resources */,
			);
			runOnlyForDeploymentPostprocessing = 0;
		};
/* End PBXResourcesBuildPhase section */

/* Begin PBXSourcesBuildPhase section */
		B5DC26691CCA921900D8F2CA /* Sources */ = {
			isa = PBXSourcesBuildPhase;
			buildActionMask = 2147483647;
			files = (
				B5DC26881CCAA15300D8F2CA /* VCMapView.swift in Sources */,
				B5DC268C1CCACA7000D8F2CA /* JSON.swift in Sources */,
				B5DC26731CCA921900D8F2CA /* ViewController.swift in Sources */,
				B5DC26861CCA990F00D8F2CA /* Artwork.swift in Sources */,
				B5DC26711CCA921900D8F2CA /* AppDelegate.swift in Sources */,
			);
			runOnlyForDeploymentPostprocessing = 0;
		};
/* End PBXSourcesBuildPhase section */

/* Begin PBXVariantGroup section */
		B5DC26741CCA921A00D8F2CA /* Main.storyboard */ = {
			isa = PBXVariantGroup;
			children = (
				B5DC26751CCA921A00D8F2CA /* Base */,
			);
			name = Main.storyboard;
			sourceTree = "<group>";
		};
		B5DC26791CCA921A00D8F2CA /* LaunchScreen.storyboard */ = {
			isa = PBXVariantGroup;
			children = (
				B5DC267A1CCA921A00D8F2CA /* Base */,
			);
			name = LaunchScreen.storyboard;
			sourceTree = "<group>";
		};
/* End PBXVariantGroup section */

/* Begin XCBuildConfiguration section */
		B5DC267D1CCA921A00D8F2CA /* Debug */ = {
			isa = XCBuildConfiguration;
			buildSettings = {
				ALWAYS_SEARCH_USER_PATHS = NO;
				CLANG_ANALYZER_NONNULL = YES;
				CLANG_CXX_LANGUAGE_STANDARD = "gnu++0x";
				CLANG_CXX_LIBRARY = "libc++";
				CLANG_ENABLE_MODULES = YES;
				CLANG_ENABLE_OBJC_ARC = YES;
				CLANG_WARN_BOOL_CONVERSION = YES;
				CLANG_WARN_CONSTANT_CONVERSION = YES;
				CLANG_WARN_DIRECT_OBJC_ISA_USAGE = YES_ERROR;
				CLANG_WARN_EMPTY_BODY = YES;
				CLANG_WARN_ENUM_CONVERSION = YES;
				CLANG_WARN_INT_CONVERSION = YES;
				CLANG_WARN_OBJC_ROOT_CLASS = YES_ERROR;
				CLANG_WARN_UNREACHABLE_CODE = YES;
				CLANG_WARN__DUPLICATE_METHOD_MATCH = YES;
				"CODE_SIGN_IDENTITY[sdk=iphoneos*]" = "iPhone Developer";
				COPY_PHASE_STRIP = NO;
				DEBUG_INFORMATION_FORMAT = dwarf;
				ENABLE_STRICT_OBJC_MSGSEND = YES;
				ENABLE_TESTABILITY = YES;
				GCC_C_LANGUAGE_STANDARD = gnu99;
				GCC_DYNAMIC_NO_PIC = NO;
				GCC_NO_COMMON_BLOCKS = YES;
				GCC_OPTIMIZATION_LEVEL = 0;
				GCC_PREPROCESSOR_DEFINITIONS = (
					"DEBUG=1",
					"$(inherited)",
				);
				GCC_WARN_64_TO_32_BIT_CONVERSION = YES;
				GCC_WARN_ABOUT_RETURN_TYPE = YES_ERROR;
				GCC_WARN_UNDECLARED_SELECTOR = YES;
				GCC_WARN_UNINITIALIZED_AUTOS = YES_AGGRESSIVE;
				GCC_WARN_UNUSED_FUNCTION = YES;
				GCC_WARN_UNUSED_VARIABLE = YES;
				IPHONEOS_DEPLOYMENT_TARGET = 9.3;
				MTL_ENABLE_DEBUG_INFO = YES;
				ONLY_ACTIVE_ARCH = YES;
				SDKROOT = iphoneos;
				SWIFT_OPTIMIZATION_LEVEL = "-Onone";
			};
			name = Debug;
		};
		B5DC267E1CCA921A00D8F2CA /* Release */ = {
			isa = XCBuildConfiguration;
			buildSettings = {
				ALWAYS_SEARCH_USER_PATHS = NO;
				CLANG_ANALYZER_NONNULL = YES;
				CLANG_CXX_LANGUAGE_STANDARD = "gnu++0x";
				CLANG_CXX_LIBRARY = "libc++";
				CLANG_ENABLE_MODULES = YES;
				CLANG_ENABLE_OBJC_ARC = YES;
				CLANG_WARN_BOOL_CONVERSION = YES;
				CLANG_WARN_CONSTANT_CONVERSION = YES;
				CLANG_WARN_DIRECT_OBJC_ISA_USAGE = YES_ERROR;
				CLANG_WARN_EMPTY_BODY = YES;
				CLANG_WARN_ENUM_CONVERSION = YES;
				CLANG_WARN_INT_CONVERSION = YES;
				CLANG_WARN_OBJC_ROOT_CLASS = YES_ERROR;
				CLANG_WARN_UNREACHABLE_CODE = YES;
				CLANG_WARN__DUPLICATE_METHOD_MATCH = YES;
				"CODE_SIGN_IDENTITY[sdk=iphoneos*]" = "iPhone Developer";
				COPY_PHASE_STRIP = NO;
				DEBUG_INFORMATION_FORMAT = "dwarf-with-dsym";
				ENABLE_NS_ASSERTIONS = NO;
				ENABLE_STRICT_OBJC_MSGSEND = YES;
				GCC_C_LANGUAGE_STANDARD = gnu99;
				GCC_NO_COMMON_BLOCKS = YES;
				GCC_WARN_64_TO_32_BIT_CONVERSION = YES;
				GCC_WARN_ABOUT_RETURN_TYPE = YES_ERROR;
				GCC_WARN_UNDECLARED_SELECTOR = YES;
				GCC_WARN_UNINITIALIZED_AUTOS = YES_AGGRESSIVE;
				GCC_WARN_UNUSED_FUNCTION = YES;
				GCC_WARN_UNUSED_VARIABLE = YES;
				IPHONEOS_DEPLOYMENT_TARGET = 9.3;
				MTL_ENABLE_DEBUG_INFO = NO;
				SDKROOT = iphoneos;
				VALIDATE_PRODUCT = YES;
			};
			name = Release;
		};
		B5DC26801CCA921A00D8F2CA /* Debug */ = {
			isa = XCBuildConfiguration;
			buildSettings = {
				ASSETCATALOG_COMPILER_APPICON_NAME = AppIcon;
				INFOPLIST_FILE = HonoluluArt/Info.plist;
				LD_RUNPATH_SEARCH_PATHS = "$(inherited) @executable_path/Frameworks";
				PRODUCT_BUNDLE_IDENTIFIER = nearsoft.HonoluluArt;
				PRODUCT_NAME = "$(TARGET_NAME)";
			};
			name = Debug;
		};
		B5DC26811CCA921A00D8F2CA /* Release */ = {
			isa = XCBuildConfiguration;
			buildSettings = {
				ASSETCATALOG_COMPILER_APPICON_NAME = AppIcon;
				INFOPLIST_FILE = HonoluluArt/Info.plist;
				LD_RUNPATH_SEARCH_PATHS = "$(inherited) @executable_path/Frameworks";
				PRODUCT_BUNDLE_IDENTIFIER = nearsoft.HonoluluArt;
				PRODUCT_NAME = "$(TARGET_NAME)";
			};
			name = Release;
		};
/* End XCBuildConfiguration section */

/* Begin XCConfigurationList section */
		B5DC26681CCA921900D8F2CA /* Build configuration list for PBXProject "HonoluluArt" */ = {
			isa = XCConfigurationList;
			buildConfigurations = (
				B5DC267D1CCA921A00D8F2CA /* Debug */,
				B5DC267E1CCA921A00D8F2CA /* Release */,
			);
			defaultConfigurationIsVisible = 0;
			defaultConfigurationName = Release;
		};
		B5DC267F1CCA921A00D8F2CA /* Build configuration list for PBXNativeTarget "HonoluluArt" */ = {
			isa = XCConfigurationList;
			buildConfigurations = (
				B5DC26801CCA921A00D8F2CA /* Debug */,
				B5DC26811CCA921A00D8F2CA /* Release */,
			);
			defaultConfigurationIsVisible = 0;
		};
/* End XCConfigurationList section */
	};
	rootObject = B5DC26651CCA921900D8F2CA /* Project object */;
}
