// !$*UTF8*$!
{
	archiveVersion = 1;
	classes = {
	};
	objectVersion = 46;
	objects = {

/* Begin PBXBuildFile section */
		B546DC391C8A257300562B3E /* main.m in Sources */ = {isa = PBXBuildFile; fileRef = B546DC381C8A257300562B3E /* main.m */; };
		B546DC3C1C8A257300562B3E /* AppDelegate.m in Sources */ = {isa = PBXBuildFile; fileRef = B546DC3B1C8A257300562B3E /* AppDelegate.m */; };
		B546DC3F1C8A257300562B3E /* ViewController.m in Sources */ = {isa = PBXBuildFile; fileRef = B546DC3E1C8A257300562B3E /* ViewController.m */; };
		B546DC421C8A257300562B3E /* Main.storyboard in Resources */ = {isa = PBXBuildFile; fileRef = B546DC401C8A257300562B3E /* Main.storyboard */; };
		B546DC441C8A257300562B3E /* Assets.xcassets in Resources */ = {isa = PBXBuildFile; fileRef = B546DC431C8A257300562B3E /* Assets.xcassets */; };
		B546DC471C8A257300562B3E /* LaunchScreen.storyboard in Resources */ = {isa = PBXBuildFile; fileRef = B546DC451C8A257300562B3E /* LaunchScreen.storyboard */; };
/* End PBXBuildFile section */

/* Begin PBXFileReference section */
		B546DC341C8A257300562B3E /* GoogleSignInTest.app */ = {isa = PBXFileReference; explicitFileType = wrapper.application; includeInIndex = 0; path = GoogleSignInTest.app; sourceTree = BUILT_PRODUCTS_DIR; };
		B546DC381C8A257300562B3E /* main.m */ = {isa = PBXFileReference; lastKnownFileType = sourcecode.c.objc; path = main.m; sourceTree = "<group>"; };
		B546DC3A1C8A257300562B3E /* AppDelegate.h */ = {isa = PBXFileReference; lastKnownFileType = sourcecode.c.h; path = AppDelegate.h; sourceTree = "<group>"; };
		B546DC3B1C8A257300562B3E /* AppDelegate.m */ = {isa = PBXFileReference; lastKnownFileType = sourcecode.c.objc; path = AppDelegate.m; sourceTree = "<group>"; };
		B546DC3D1C8A257300562B3E /* ViewController.h */ = {isa = PBXFileReference; lastKnownFileType = sourcecode.c.h; path = ViewController.h; sourceTree = "<group>"; };
		B546DC3E1C8A257300562B3E /* ViewController.m */ = {isa = PBXFileReference; lastKnownFileType = sourcecode.c.objc; path = ViewController.m; sourceTree = "<group>"; };
		B546DC411C8A257300562B3E /* Base */ = {isa = PBXFileReference; lastKnownFileType = file.storyboard; name = Base; path = Base.lproj/Main.storyboard; sourceTree = "<group>"; };
		B546DC431C8A257300562B3E /* Assets.xcassets */ = {isa = PBXFileReference; lastKnownFileType = folder.assetcatalog; path = Assets.xcassets; sourceTree = "<group>"; };
		B546DC461C8A257300562B3E /* Base */ = {isa = PBXFileReference; lastKnownFileType = file.storyboard; name = Base; path = Base.lproj/LaunchScreen.storyboard; sourceTree = "<group>"; };
		B546DC481C8A257300562B3E /* Info.plist */ = {isa = PBXFileReference; lastKnownFileType = text.plist.xml; path = Info.plist; sourceTree = "<group>"; };
/* End PBXFileReference section */

/* Begin PBXFrameworksBuildPhase section */
		B546DC311C8A257300562B3E /* Frameworks */ = {
			isa = PBXFrameworksBuildPhase;
			buildActionMask = 2147483647;
			files = (
			);
			runOnlyForDeploymentPostprocessing = 0;
		};
/* End PBXFrameworksBuildPhase section */

/* Begin PBXGroup section */
		B546DC2B1C8A257300562B3E = {
			isa = PBXGroup;
			children = (
				B546DC361C8A257300562B3E /* GoogleSignInTest */,
				B546DC351C8A257300562B3E /* Products */,
			);
			sourceTree = "<group>";
		};
		B546DC351C8A257300562B3E /* Products */ = {
			isa = PBXGroup;
			children = (
				B546DC341C8A257300562B3E /* GoogleSignInTest.app */,
			);
			name = Products;
			sourceTree = "<group>";
		};
		B546DC361C8A257300562B3E /* GoogleSignInTest */ = {
			isa = PBXGroup;
			children = (
				B546DC3A1C8A257300562B3E /* AppDelegate.h */,
				B546DC3B1C8A257300562B3E /* AppDelegate.m */,
				B546DC3D1C8A257300562B3E /* ViewController.h */,
				B546DC3E1C8A257300562B3E /* ViewController.m */,
				B546DC401C8A257300562B3E /* Main.storyboard */,
				B546DC431C8A257300562B3E /* Assets.xcassets */,
				B546DC451C8A257300562B3E /* LaunchScreen.storyboard */,
				B546DC481C8A257300562B3E /* Info.plist */,
				B546DC371C8A257300562B3E /* Supporting Files */,
			);
			path = GoogleSignInTest;
			sourceTree = "<group>";
		};
		B546DC371C8A257300562B3E /* Supporting Files */ = {
			isa = PBXGroup;
			children = (
				B546DC381C8A257300562B3E /* main.m */,
			);
			name = "Supporting Files";
			sourceTree = "<group>";
		};
/* End PBXGroup section */

/* Begin PBXNativeTarget section */
		B546DC331C8A257300562B3E /* GoogleSignInTest */ = {
			isa = PBXNativeTarget;
			buildConfigurationList = B546DC4B1C8A257300562B3E /* Build configuration list for PBXNativeTarget "GoogleSignInTest" */;
			buildPhases = (
				B546DC301C8A257300562B3E /* Sources */,
				B546DC311C8A257300562B3E /* Frameworks */,
				B546DC321C8A257300562B3E /* Resources */,
			);
			buildRules = (
			);
			dependencies = (
			);
			name = GoogleSignInTest;
			productName = GoogleSignInTest;
			productReference = B546DC341C8A257300562B3E /* GoogleSignInTest.app */;
			productType = "com.apple.product-type.application";
		};
/* End PBXNativeTarget section */

/* Begin PBXProject section */
		B546DC2C1C8A257300562B3E /* Project object */ = {
			isa = PBXProject;
			attributes = {
				LastUpgradeCheck = 0720;
				ORGANIZATIONNAME = projas;
				TargetAttributes = {
					B546DC331C8A257300562B3E = {
						CreatedOnToolsVersion = 7.2.1;
					};
				};
			};
			buildConfigurationList = B546DC2F1C8A257300562B3E /* Build configuration list for PBXProject "GoogleSignInTest" */;
			compatibilityVersion = "Xcode 3.2";
			developmentRegion = English;
			hasScannedForEncodings = 0;
			knownRegions = (
				en,
				Base,
			);
			mainGroup = B546DC2B1C8A257300562B3E;
			productRefGroup = B546DC351C8A257300562B3E /* Products */;
			projectDirPath = "";
			projectRoot = "";
			targets = (
				B546DC331C8A257300562B3E /* GoogleSignInTest */,
			);
		};
/* End PBXProject section */

/* Begin PBXResourcesBuildPhase section */
		B546DC321C8A257300562B3E /* Resources */ = {
			isa = PBXResourcesBuildPhase;
			buildActionMask = 2147483647;
			files = (
				B546DC471C8A257300562B3E /* LaunchScreen.storyboard in Resources */,
				B546DC441C8A257300562B3E /* Assets.xcassets in Resources */,
				B546DC421C8A257300562B3E /* Main.storyboard in Resources */,
			);
			runOnlyForDeploymentPostprocessing = 0;
		};
/* End PBXResourcesBuildPhase section */

/* Begin PBXSourcesBuildPhase section */
		B546DC301C8A257300562B3E /* Sources */ = {
			isa = PBXSourcesBuildPhase;
			buildActionMask = 2147483647;
			files = (
				B546DC3F1C8A257300562B3E /* ViewController.m in Sources */,
				B546DC3C1C8A257300562B3E /* AppDelegate.m in Sources */,
				B546DC391C8A257300562B3E /* main.m in Sources */,
			);
			runOnlyForDeploymentPostprocessing = 0;
		};
/* End PBXSourcesBuildPhase section */

/* Begin PBXVariantGroup section */
		B546DC401C8A257300562B3E /* Main.storyboard */ = {
			isa = PBXVariantGroup;
			children = (
				B546DC411C8A257300562B3E /* Base */,
			);
			name = Main.storyboard;
			sourceTree = "<group>";
		};
		B546DC451C8A257300562B3E /* LaunchScreen.storyboard */ = {
			isa = PBXVariantGroup;
			children = (
				B546DC461C8A257300562B3E /* Base */,
			);
			name = LaunchScreen.storyboard;
			sourceTree = "<group>";
		};
/* End PBXVariantGroup section */

/* Begin XCBuildConfiguration section */
		B546DC491C8A257300562B3E /* Debug */ = {
			isa = XCBuildConfiguration;
			buildSettings = {
				ALWAYS_SEARCH_USER_PATHS = NO;
				CLANG_CXX_LANGUAGE_STANDARD = "gnu++0x";
				CLANG_CXX_LIBRARY = "libc++";
				CLANG_ENABLE_MODULES = YES;
				CLANG_ENABLE_OBJC_ARC = YES;
				CLANG_WARN_BOOL_CONVERSION = YES;
				CLANG_WARN_CONSTANT_CONVERSION = YES;
				CLANG_WARN_DIRECT_OBJC_ISA_USAGE = YES_ERROR;
				CLANG_WARN_EMPTY_BODY = YES;
				CLANG_WARN_ENUM_CONVERSION = YES;
				CLANG_WARN_INT_CONVERSION = YES;
				CLANG_WARN_OBJC_ROOT_CLASS = YES_ERROR;
				CLANG_WARN_UNREACHABLE_CODE = YES;
				CLANG_WARN__DUPLICATE_METHOD_MATCH = YES;
				"CODE_SIGN_IDENTITY[sdk=iphoneos*]" = "iPhone Developer";
				COPY_PHASE_STRIP = NO;
				DEBUG_INFORMATION_FORMAT = dwarf;
				ENABLE_STRICT_OBJC_MSGSEND = YES;
				ENABLE_TESTABILITY = YES;
				GCC_C_LANGUAGE_STANDARD = gnu99;
				GCC_DYNAMIC_NO_PIC = NO;
				GCC_NO_COMMON_BLOCKS = YES;
				GCC_OPTIMIZATION_LEVEL = 0;
				GCC_PREPROCESSOR_DEFINITIONS = (
					"DEBUG=1",
					"$(inherited)",
				);
				GCC_WARN_64_TO_32_BIT_CONVERSION = YES;
				GCC_WARN_ABOUT_RETURN_TYPE = YES_ERROR;
				GCC_WARN_UNDECLARED_SELECTOR = YES;
				GCC_WARN_UNINITIALIZED_AUTOS = YES_AGGRESSIVE;
				GCC_WARN_UNUSED_FUNCTION = YES;
				GCC_WARN_UNUSED_VARIABLE = YES;
				IPHONEOS_DEPLOYMENT_TARGET = 9.2;
				MTL_ENABLE_DEBUG_INFO = YES;
				ONLY_ACTIVE_ARCH = YES;
				SDKROOT = iphoneos;
			};
			name = Debug;
		};
		B546DC4A1C8A257300562B3E /* Release */ = {
			isa = XCBuildConfiguration;
			buildSettings = {
				ALWAYS_SEARCH_USER_PATHS = NO;
				CLANG_CXX_LANGUAGE_STANDARD = "gnu++0x";
				CLANG_CXX_LIBRARY = "libc++";
				CLANG_ENABLE_MODULES = YES;
				CLANG_ENABLE_OBJC_ARC = YES;
				CLANG_WARN_BOOL_CONVERSION = YES;
				CLANG_WARN_CONSTANT_CONVERSION = YES;
				CLANG_WARN_DIRECT_OBJC_ISA_USAGE = YES_ERROR;
				CLANG_WARN_EMPTY_BODY = YES;
				CLANG_WARN_ENUM_CONVERSION = YES;
				CLANG_WARN_INT_CONVERSION = YES;
				CLANG_WARN_OBJC_ROOT_CLASS = YES_ERROR;
				CLANG_WARN_UNREACHABLE_CODE = YES;
				CLANG_WARN__DUPLICATE_METHOD_MATCH = YES;
				"CODE_SIGN_IDENTITY[sdk=iphoneos*]" = "iPhone Developer";
				COPY_PHASE_STRIP = NO;
				DEBUG_INFORMATION_FORMAT = "dwarf-with-dsym";
				ENABLE_NS_ASSERTIONS = NO;
				ENABLE_STRICT_OBJC_MSGSEND = YES;
				GCC_C_LANGUAGE_STANDARD = gnu99;
				GCC_NO_COMMON_BLOCKS = YES;
				GCC_WARN_64_TO_32_BIT_CONVERSION = YES;
				GCC_WARN_ABOUT_RETURN_TYPE = YES_ERROR;
				GCC_WARN_UNDECLARED_SELECTOR = YES;
				GCC_WARN_UNINITIALIZED_AUTOS = YES_AGGRESSIVE;
				GCC_WARN_UNUSED_FUNCTION = YES;
				GCC_WARN_UNUSED_VARIABLE = YES;
				IPHONEOS_DEPLOYMENT_TARGET = 9.2;
				MTL_ENABLE_DEBUG_INFO = NO;
				SDKROOT = iphoneos;
				VALIDATE_PRODUCT = YES;
			};
			name = Release;
		};
		B546DC4C1C8A257300562B3E /* Debug */ = {
			isa = XCBuildConfiguration;
			buildSettings = {
				ASSETCATALOG_COMPILER_APPICON_NAME = AppIcon;
				INFOPLIST_FILE = GoogleSignInTest/Info.plist;
				LD_RUNPATH_SEARCH_PATHS = "$(inherited) @executable_path/Frameworks";
				PRODUCT_BUNDLE_IDENTIFIER = nearsoft.GoogleSignInTest;
				PRODUCT_NAME = "$(TARGET_NAME)";
			};
			name = Debug;
		};
		B546DC4D1C8A257300562B3E /* Release */ = {
			isa = XCBuildConfiguration;
			buildSettings = {
				ASSETCATALOG_COMPILER_APPICON_NAME = AppIcon;
				INFOPLIST_FILE = GoogleSignInTest/Info.plist;
				LD_RUNPATH_SEARCH_PATHS = "$(inherited) @executable_path/Frameworks";
				PRODUCT_BUNDLE_IDENTIFIER = nearsoft.GoogleSignInTest;
				PRODUCT_NAME = "$(TARGET_NAME)";
			};
			name = Release;
		};
/* End XCBuildConfiguration section */

/* Begin XCConfigurationList section */
		B546DC2F1C8A257300562B3E /* Build configuration list for PBXProject "GoogleSignInTest" */ = {
			isa = XCConfigurationList;
			buildConfigurations = (
				B546DC491C8A257300562B3E /* Debug */,
				B546DC4A1C8A257300562B3E /* Release */,
			);
			defaultConfigurationIsVisible = 0;
			defaultConfigurationName = Release;
		};
		B546DC4B1C8A257300562B3E /* Build configuration list for PBXNativeTarget "GoogleSignInTest" */ = {
			isa = XCConfigurationList;
			buildConfigurations = (
				B546DC4C1C8A257300562B3E /* Debug */,
				B546DC4D1C8A257300562B3E /* Release */,
			);
			defaultConfigurationIsVisible = 0;
		};
/* End XCConfigurationList section */
	};
	rootObject = B546DC2C1C8A257300562B3E /* Project object */;
}
