// !$*UTF8*$!
{
	archiveVersion = 1;
	classes = {
	};
	objectVersion = 46;
	objects = {

/* Begin PBXBuildFile section */
		50BD4019B3DBBFCC65979F91 /* libPods.a in Frameworks */ = {isa = PBXBuildFile; fileRef = B1DCD47791F859340E7DC6D1 /* libPods.a */; };
		B53CD71A1C7BDC07003DC16B /* ProfileCell.xib in Resources */ = {isa = PBXBuildFile; fileRef = B53CD7181C7BDC07003DC16B /* ProfileCell.xib */; };
		B5CDF3871C7B9946002FA94D /* Profile.m in Sources */ = {isa = PBXBuildFile; fileRef = B5CDF3861C7B9946002FA94D /* Profile.m */; };
		B5CDF38A1C7BB5C1002FA94D /* ApiManager.m in Sources */ = {isa = PBXBuildFile; fileRef = B5CDF3891C7BB5C1002FA94D /* ApiManager.m */; };
		B5CFD1AC1C7B695600BC95CD /* main.m in Sources */ = {isa = PBXBuildFile; fileRef = B5CFD1AB1C7B695600BC95CD /* main.m */; };
		B5CFD1AF1C7B695600BC95CD /* AppDelegate.m in Sources */ = {isa = PBXBuildFile; fileRef = B5CFD1AE1C7B695600BC95CD /* AppDelegate.m */; };
		B5CFD1B51C7B695600BC95CD /* Main.storyboard in Resources */ = {isa = PBXBuildFile; fileRef = B5CFD1B31C7B695600BC95CD /* Main.storyboard */; };
		B5CFD1B71C7B695600BC95CD /* Assets.xcassets in Resources */ = {isa = PBXBuildFile; fileRef = B5CFD1B61C7B695600BC95CD /* Assets.xcassets */; };
		B5CFD1BA1C7B695600BC95CD /* LaunchScreen.storyboard in Resources */ = {isa = PBXBuildFile; fileRef = B5CFD1B81C7B695600BC95CD /* LaunchScreen.storyboard */; };
		B5CFD1C31C7B771500BC95CD /* ProfileCell.m in Sources */ = {isa = PBXBuildFile; fileRef = B5CFD1C21C7B771500BC95CD /* ProfileCell.m */; };
		B5ED669E1C7B7EEE00431143 /* FeedViewController.m in Sources */ = {isa = PBXBuildFile; fileRef = B5ED669D1C7B7EEE00431143 /* FeedViewController.m */; };
		B5FB9BC91C7E2F7400431EE9 /* UserDetailController.m in Sources */ = {isa = PBXBuildFile; fileRef = B5FB9BC71C7E2F7400431EE9 /* UserDetailController.m */; };
		B5FB9BCA1C7E2F7400431EE9 /* UserDetailController.xib in Resources */ = {isa = PBXBuildFile; fileRef = B5FB9BC81C7E2F7400431EE9 /* UserDetailController.xib */; };
		B5FB9BCE1C7E414C00431EE9 /* Media.m in Sources */ = {isa = PBXBuildFile; fileRef = B5FB9BCD1C7E414C00431EE9 /* Media.m */; };
		B5FB9BD41C7E4A6A00431EE9 /* UserView.m in Sources */ = {isa = PBXBuildFile; fileRef = B5FB9BD31C7E4A6A00431EE9 /* UserView.m */; };
/* End PBXBuildFile section */

/* Begin PBXFileReference section */
		ADB41A092FEF79848CEEFCF3 /* Pods.release.xcconfig */ = {isa = PBXFileReference; includeInIndex = 1; lastKnownFileType = text.xcconfig; name = Pods.release.xcconfig; path = "Pods/Target Support Files/Pods/Pods.release.xcconfig"; sourceTree = "<group>"; };
		B1DCD47791F859340E7DC6D1 /* libPods.a */ = {isa = PBXFileReference; explicitFileType = archive.ar; includeInIndex = 0; path = libPods.a; sourceTree = BUILT_PRODUCTS_DIR; };
		B53CD7181C7BDC07003DC16B /* ProfileCell.xib */ = {isa = PBXFileReference; fileEncoding = 4; lastKnownFileType = file.xib; path = ProfileCell.xib; sourceTree = "<group>"; };
		B5CDF3851C7B9946002FA94D /* Profile.h */ = {isa = PBXFileReference; fileEncoding = 4; lastKnownFileType = sourcecode.c.h; path = Profile.h; sourceTree = "<group>"; };
		B5CDF3861C7B9946002FA94D /* Profile.m */ = {isa = PBXFileReference; fileEncoding = 4; lastKnownFileType = sourcecode.c.objc; path = Profile.m; sourceTree = "<group>"; };
		B5CDF3881C7BB5C1002FA94D /* ApiManager.h */ = {isa = PBXFileReference; fileEncoding = 4; lastKnownFileType = sourcecode.c.h; path = ApiManager.h; sourceTree = "<group>"; };
		B5CDF3891C7BB5C1002FA94D /* ApiManager.m */ = {isa = PBXFileReference; fileEncoding = 4; lastKnownFileType = sourcecode.c.objc; path = ApiManager.m; sourceTree = "<group>"; };
		B5CFD1A71C7B695600BC95CD /* InstagramFeed.app */ = {isa = PBXFileReference; explicitFileType = wrapper.application; includeInIndex = 0; path = InstagramFeed.app; sourceTree = BUILT_PRODUCTS_DIR; };
		B5CFD1AB1C7B695600BC95CD /* main.m */ = {isa = PBXFileReference; lastKnownFileType = sourcecode.c.objc; path = main.m; sourceTree = "<group>"; };
		B5CFD1AD1C7B695600BC95CD /* AppDelegate.h */ = {isa = PBXFileReference; lastKnownFileType = sourcecode.c.h; path = AppDelegate.h; sourceTree = "<group>"; };
		B5CFD1AE1C7B695600BC95CD /* AppDelegate.m */ = {isa = PBXFileReference; lastKnownFileType = sourcecode.c.objc; path = AppDelegate.m; sourceTree = "<group>"; };
		B5CFD1B41C7B695600BC95CD /* Base */ = {isa = PBXFileReference; lastKnownFileType = file.storyboard; name = Base; path = Base.lproj/Main.storyboard; sourceTree = "<group>"; };
		B5CFD1B61C7B695600BC95CD /* Assets.xcassets */ = {isa = PBXFileReference; lastKnownFileType = folder.assetcatalog; path = Assets.xcassets; sourceTree = "<group>"; };
		B5CFD1B91C7B695600BC95CD /* Base */ = {isa = PBXFileReference; lastKnownFileType = file.storyboard; name = Base; path = Base.lproj/LaunchScreen.storyboard; sourceTree = "<group>"; };
		B5CFD1BB1C7B695600BC95CD /* Info.plist */ = {isa = PBXFileReference; lastKnownFileType = text.plist.xml; path = Info.plist; sourceTree = "<group>"; };
		B5CFD1C11C7B771500BC95CD /* ProfileCell.h */ = {isa = PBXFileReference; fileEncoding = 4; lastKnownFileType = sourcecode.c.h; path = ProfileCell.h; sourceTree = "<group>"; };
		B5CFD1C21C7B771500BC95CD /* ProfileCell.m */ = {isa = PBXFileReference; fileEncoding = 4; lastKnownFileType = sourcecode.c.objc; path = ProfileCell.m; sourceTree = "<group>"; };
		B5ED669C1C7B7EEE00431143 /* FeedViewController.h */ = {isa = PBXFileReference; fileEncoding = 4; lastKnownFileType = sourcecode.c.h; path = FeedViewController.h; sourceTree = "<group>"; };
		B5ED669D1C7B7EEE00431143 /* FeedViewController.m */ = {isa = PBXFileReference; fileEncoding = 4; lastKnownFileType = sourcecode.c.objc; path = FeedViewController.m; sourceTree = "<group>"; };
		B5FB9BC61C7E2F7400431EE9 /* UserDetailController.h */ = {isa = PBXFileReference; fileEncoding = 4; lastKnownFileType = sourcecode.c.h; path = UserDetailController.h; sourceTree = "<group>"; };
		B5FB9BC71C7E2F7400431EE9 /* UserDetailController.m */ = {isa = PBXFileReference; fileEncoding = 4; lastKnownFileType = sourcecode.c.objc; path = UserDetailController.m; sourceTree = "<group>"; };
		B5FB9BC81C7E2F7400431EE9 /* UserDetailController.xib */ = {isa = PBXFileReference; fileEncoding = 4; lastKnownFileType = file.xib; path = UserDetailController.xib; sourceTree = "<group>"; };
		B5FB9BCC1C7E414C00431EE9 /* Media.h */ = {isa = PBXFileReference; fileEncoding = 4; lastKnownFileType = sourcecode.c.h; path = Media.h; sourceTree = "<group>"; };
		B5FB9BCD1C7E414C00431EE9 /* Media.m */ = {isa = PBXFileReference; fileEncoding = 4; lastKnownFileType = sourcecode.c.objc; path = Media.m; sourceTree = "<group>"; };
		B5FB9BD21C7E4A6A00431EE9 /* UserView.h */ = {isa = PBXFileReference; fileEncoding = 4; lastKnownFileType = sourcecode.c.h; path = UserView.h; sourceTree = "<group>"; };
		B5FB9BD31C7E4A6A00431EE9 /* UserView.m */ = {isa = PBXFileReference; fileEncoding = 4; lastKnownFileType = sourcecode.c.objc; path = UserView.m; sourceTree = "<group>"; };
		F8D77F08DEEEDF8701441830 /* Pods.debug.xcconfig */ = {isa = PBXFileReference; includeInIndex = 1; lastKnownFileType = text.xcconfig; name = Pods.debug.xcconfig; path = "Pods/Target Support Files/Pods/Pods.debug.xcconfig"; sourceTree = "<group>"; };
/* End PBXFileReference section */

/* Begin PBXFrameworksBuildPhase section */
		B5CFD1A41C7B695600BC95CD /* Frameworks */ = {
			isa = PBXFrameworksBuildPhase;
			buildActionMask = 2147483647;
			files = (
				50BD4019B3DBBFCC65979F91 /* libPods.a in Frameworks */,
			);
			runOnlyForDeploymentPostprocessing = 0;
		};
/* End PBXFrameworksBuildPhase section */

/* Begin PBXGroup section */
		864EFA9F1EA4F9F874C0BB5D /* Frameworks */ = {
			isa = PBXGroup;
			children = (
				B1DCD47791F859340E7DC6D1 /* libPods.a */,
			);
			name = Frameworks;
			sourceTree = "<group>";
		};
		A125E5EF6A4A92CB4C248FA1 /* Pods */ = {
			isa = PBXGroup;
			children = (
				F8D77F08DEEEDF8701441830 /* Pods.debug.xcconfig */,
				ADB41A092FEF79848CEEFCF3 /* Pods.release.xcconfig */,
			);
			name = Pods;
			sourceTree = "<group>";
		};
		B5CFD19E1C7B695600BC95CD = {
			isa = PBXGroup;
			children = (
				B5CFD1A91C7B695600BC95CD /* InstagramFeed */,
				B5CFD1A81C7B695600BC95CD /* Products */,
				A125E5EF6A4A92CB4C248FA1 /* Pods */,
				864EFA9F1EA4F9F874C0BB5D /* Frameworks */,
			);
			sourceTree = "<group>";
		};
		B5CFD1A81C7B695600BC95CD /* Products */ = {
			isa = PBXGroup;
			children = (
				B5CFD1A71C7B695600BC95CD /* InstagramFeed.app */,
			);
			name = Products;
			sourceTree = "<group>";
		};
		B5CFD1A91C7B695600BC95CD /* InstagramFeed */ = {
			isa = PBXGroup;
			children = (
				B5FB9BCB1C7E413100431EE9 /* Models */,
				B5FB9BD01C7E44E100431EE9 /* Views */,
				B5FB9BCF1C7E448700431EE9 /* Controllers */,
				B5FB9BD11C7E452700431EE9 /* Managers */,
				B5CFD1AD1C7B695600BC95CD /* AppDelegate.h */,
				B5CFD1AE1C7B695600BC95CD /* AppDelegate.m */,
				B5CFD1B61C7B695600BC95CD /* Assets.xcassets */,
				B5CFD1BB1C7B695600BC95CD /* Info.plist */,
				B5CFD1AA1C7B695600BC95CD /* Supporting Files */,
			);
			path = InstagramFeed;
			sourceTree = "<group>";
		};
		B5CFD1AA1C7B695600BC95CD /* Supporting Files */ = {
			isa = PBXGroup;
			children = (
				B5CFD1AB1C7B695600BC95CD /* main.m */,
			);
			name = "Supporting Files";
			sourceTree = "<group>";
		};
		B5FB9BCB1C7E413100431EE9 /* Models */ = {
			isa = PBXGroup;
			children = (
				B5CDF3851C7B9946002FA94D /* Profile.h */,
				B5CDF3861C7B9946002FA94D /* Profile.m */,
				B5FB9BCC1C7E414C00431EE9 /* Media.h */,
				B5FB9BCD1C7E414C00431EE9 /* Media.m */,
			);
			name = Models;
			sourceTree = "<group>";
		};
		B5FB9BCF1C7E448700431EE9 /* Controllers */ = {
			isa = PBXGroup;
			children = (
				B5ED669C1C7B7EEE00431143 /* FeedViewController.h */,
				B5ED669D1C7B7EEE00431143 /* FeedViewController.m */,
				B5FB9BC61C7E2F7400431EE9 /* UserDetailController.h */,
				B5FB9BC71C7E2F7400431EE9 /* UserDetailController.m */,
			);
			name = Controllers;
			sourceTree = "<group>";
		};
		B5FB9BD01C7E44E100431EE9 /* Views */ = {
			isa = PBXGroup;
			children = (
				B5CFD1B31C7B695600BC95CD /* Main.storyboard */,
				B5CFD1B81C7B695600BC95CD /* LaunchScreen.storyboard */,
				B5CFD1C11C7B771500BC95CD /* ProfileCell.h */,
				B5CFD1C21C7B771500BC95CD /* ProfileCell.m */,
				B53CD7181C7BDC07003DC16B /* ProfileCell.xib */,
				B5FB9BC81C7E2F7400431EE9 /* UserDetailController.xib */,
				B5FB9BD21C7E4A6A00431EE9 /* UserView.h */,
				B5FB9BD31C7E4A6A00431EE9 /* UserView.m */,
			);
			name = Views;
			sourceTree = "<group>";
		};
		B5FB9BD11C7E452700431EE9 /* Managers */ = {
			isa = PBXGroup;
			children = (
				B5CDF3881C7BB5C1002FA94D /* ApiManager.h */,
				B5CDF3891C7BB5C1002FA94D /* ApiManager.m */,
			);
			name = Managers;
			sourceTree = "<group>";
		};
/* End PBXGroup section */

/* Begin PBXNativeTarget section */
		B5CFD1A61C7B695600BC95CD /* InstagramFeed */ = {
			isa = PBXNativeTarget;
			buildConfigurationList = B5CFD1BE1C7B695600BC95CD /* Build configuration list for PBXNativeTarget "InstagramFeed" */;
			buildPhases = (
				20738188D23510346AAB9A63 /* Check Pods Manifest.lock */,
				B5CFD1A31C7B695600BC95CD /* Sources */,
				B5CFD1A41C7B695600BC95CD /* Frameworks */,
				B5CFD1A51C7B695600BC95CD /* Resources */,
				3DBA56A1E3B984291A00351B /* Embed Pods Frameworks */,
				5FE54ABFB61CB3ED7B015AEE /* Copy Pods Resources */,
			);
			buildRules = (
			);
			dependencies = (
			);
			name = InstagramFeed;
			productName = InstagramFeed;
			productReference = B5CFD1A71C7B695600BC95CD /* InstagramFeed.app */;
			productType = "com.apple.product-type.application";
		};
/* End PBXNativeTarget section */

/* Begin PBXProject section */
		B5CFD19F1C7B695600BC95CD /* Project object */ = {
			isa = PBXProject;
			attributes = {
				LastUpgradeCheck = 0720;
				ORGANIZATIONNAME = projas;
				TargetAttributes = {
					B5CFD1A61C7B695600BC95CD = {
						CreatedOnToolsVersion = 7.2.1;
					};
				};
			};
			buildConfigurationList = B5CFD1A21C7B695600BC95CD /* Build configuration list for PBXProject "InstagramFeed" */;
			compatibilityVersion = "Xcode 3.2";
			developmentRegion = English;
			hasScannedForEncodings = 0;
			knownRegions = (
				en,
				Base,
			);
			mainGroup = B5CFD19E1C7B695600BC95CD;
			productRefGroup = B5CFD1A81C7B695600BC95CD /* Products */;
			projectDirPath = "";
			projectRoot = "";
			targets = (
				B5CFD1A61C7B695600BC95CD /* InstagramFeed */,
			);
		};
/* End PBXProject section */

/* Begin PBXResourcesBuildPhase section */
		B5CFD1A51C7B695600BC95CD /* Resources */ = {
			isa = PBXResourcesBuildPhase;
			buildActionMask = 2147483647;
			files = (
				B5CFD1BA1C7B695600BC95CD /* LaunchScreen.storyboard in Resources */,
				B5FB9BCA1C7E2F7400431EE9 /* UserDetailController.xib in Resources */,
				B53CD71A1C7BDC07003DC16B /* ProfileCell.xib in Resources */,
				B5CFD1B71C7B695600BC95CD /* Assets.xcassets in Resources */,
				B5CFD1B51C7B695600BC95CD /* Main.storyboard in Resources */,
			);
			runOnlyForDeploymentPostprocessing = 0;
		};
/* End PBXResourcesBuildPhase section */

/* Begin PBXShellScriptBuildPhase section */
		20738188D23510346AAB9A63 /* Check Pods Manifest.lock */ = {
			isa = PBXShellScriptBuildPhase;
			buildActionMask = 2147483647;
			files = (
			);
			inputPaths = (
			);
			name = "Check Pods Manifest.lock";
			outputPaths = (
			);
			runOnlyForDeploymentPostprocessing = 0;
			shellPath = /bin/sh;
			shellScript = "diff \"${PODS_ROOT}/../Podfile.lock\" \"${PODS_ROOT}/Manifest.lock\" > /dev/null\nif [[ $? != 0 ]] ; then\n    cat << EOM\nerror: The sandbox is not in sync with the Podfile.lock. Run 'pod install' or update your CocoaPods installation.\nEOM\n    exit 1\nfi\n";
			showEnvVarsInLog = 0;
		};
		3DBA56A1E3B984291A00351B /* Embed Pods Frameworks */ = {
			isa = PBXShellScriptBuildPhase;
			buildActionMask = 2147483647;
			files = (
			);
			inputPaths = (
			);
			name = "Embed Pods Frameworks";
			outputPaths = (
			);
			runOnlyForDeploymentPostprocessing = 0;
			shellPath = /bin/sh;
			shellScript = "\"${SRCROOT}/Pods/Target Support Files/Pods/Pods-frameworks.sh\"\n";
			showEnvVarsInLog = 0;
		};
		5FE54ABFB61CB3ED7B015AEE /* Copy Pods Resources */ = {
			isa = PBXShellScriptBuildPhase;
			buildActionMask = 2147483647;
			files = (
			);
			inputPaths = (
			);
			name = "Copy Pods Resources";
			outputPaths = (
			);
			runOnlyForDeploymentPostprocessing = 0;
			shellPath = /bin/sh;
			shellScript = "\"${SRCROOT}/Pods/Target Support Files/Pods/Pods-resources.sh\"\n";
			showEnvVarsInLog = 0;
		};
/* End PBXShellScriptBuildPhase section */

/* Begin PBXSourcesBuildPhase section */
		B5CFD1A31C7B695600BC95CD /* Sources */ = {
			isa = PBXSourcesBuildPhase;
			buildActionMask = 2147483647;
			files = (
				B5FB9BC91C7E2F7400431EE9 /* UserDetailController.m in Sources */,
				B5FB9BD41C7E4A6A00431EE9 /* UserView.m in Sources */,
				B5CDF38A1C7BB5C1002FA94D /* ApiManager.m in Sources */,
				B5ED669E1C7B7EEE00431143 /* FeedViewController.m in Sources */,
				B5CFD1C31C7B771500BC95CD /* ProfileCell.m in Sources */,
				B5FB9BCE1C7E414C00431EE9 /* Media.m in Sources */,
				B5CDF3871C7B9946002FA94D /* Profile.m in Sources */,
				B5CFD1AF1C7B695600BC95CD /* AppDelegate.m in Sources */,
				B5CFD1AC1C7B695600BC95CD /* main.m in Sources */,
			);
			runOnlyForDeploymentPostprocessing = 0;
		};
/* End PBXSourcesBuildPhase section */

/* Begin PBXVariantGroup section */
		B5CFD1B31C7B695600BC95CD /* Main.storyboard */ = {
			isa = PBXVariantGroup;
			children = (
				B5CFD1B41C7B695600BC95CD /* Base */,
			);
			name = Main.storyboard;
			sourceTree = "<group>";
		};
		B5CFD1B81C7B695600BC95CD /* LaunchScreen.storyboard */ = {
			isa = PBXVariantGroup;
			children = (
				B5CFD1B91C7B695600BC95CD /* Base */,
			);
			name = LaunchScreen.storyboard;
			sourceTree = "<group>";
		};
/* End PBXVariantGroup section */

/* Begin XCBuildConfiguration section */
		B5CFD1BC1C7B695600BC95CD /* Debug */ = {
			isa = XCBuildConfiguration;
			buildSettings = {
				ALWAYS_SEARCH_USER_PATHS = NO;
				CLANG_CXX_LANGUAGE_STANDARD = "gnu++0x";
				CLANG_CXX_LIBRARY = "libc++";
				CLANG_ENABLE_MODULES = YES;
				CLANG_ENABLE_OBJC_ARC = YES;
				CLANG_WARN_BOOL_CONVERSION = YES;
				CLANG_WARN_CONSTANT_CONVERSION = YES;
				CLANG_WARN_DIRECT_OBJC_ISA_USAGE = YES_ERROR;
				CLANG_WARN_EMPTY_BODY = YES;
				CLANG_WARN_ENUM_CONVERSION = YES;
				CLANG_WARN_INT_CONVERSION = YES;
				CLANG_WARN_OBJC_ROOT_CLASS = YES_ERROR;
				CLANG_WARN_UNREACHABLE_CODE = YES;
				CLANG_WARN__DUPLICATE_METHOD_MATCH = YES;
				"CODE_SIGN_IDENTITY[sdk=iphoneos*]" = "iPhone Developer";
				COPY_PHASE_STRIP = NO;
				DEBUG_INFORMATION_FORMAT = dwarf;
				ENABLE_STRICT_OBJC_MSGSEND = YES;
				ENABLE_TESTABILITY = YES;
				GCC_C_LANGUAGE_STANDARD = gnu99;
				GCC_DYNAMIC_NO_PIC = NO;
				GCC_NO_COMMON_BLOCKS = YES;
				GCC_OPTIMIZATION_LEVEL = 0;
				GCC_PREPROCESSOR_DEFINITIONS = (
					"DEBUG=1",
					"$(inherited)",
				);
				GCC_WARN_64_TO_32_BIT_CONVERSION = YES;
				GCC_WARN_ABOUT_RETURN_TYPE = YES_ERROR;
				GCC_WARN_UNDECLARED_SELECTOR = YES;
				GCC_WARN_UNINITIALIZED_AUTOS = YES_AGGRESSIVE;
				GCC_WARN_UNUSED_FUNCTION = YES;
				GCC_WARN_UNUSED_VARIABLE = YES;
				IPHONEOS_DEPLOYMENT_TARGET = 9.2;
				MTL_ENABLE_DEBUG_INFO = YES;
				ONLY_ACTIVE_ARCH = YES;
				SDKROOT = iphoneos;
			};
			name = Debug;
		};
		B5CFD1BD1C7B695600BC95CD /* Release */ = {
			isa = XCBuildConfiguration;
			buildSettings = {
				ALWAYS_SEARCH_USER_PATHS = NO;
				CLANG_CXX_LANGUAGE_STANDARD = "gnu++0x";
				CLANG_CXX_LIBRARY = "libc++";
				CLANG_ENABLE_MODULES = YES;
				CLANG_ENABLE_OBJC_ARC = YES;
				CLANG_WARN_BOOL_CONVERSION = YES;
				CLANG_WARN_CONSTANT_CONVERSION = YES;
				CLANG_WARN_DIRECT_OBJC_ISA_USAGE = YES_ERROR;
				CLANG_WARN_EMPTY_BODY = YES;
				CLANG_WARN_ENUM_CONVERSION = YES;
				CLANG_WARN_INT_CONVERSION = YES;
				CLANG_WARN_OBJC_ROOT_CLASS = YES_ERROR;
				CLANG_WARN_UNREACHABLE_CODE = YES;
				CLANG_WARN__DUPLICATE_METHOD_MATCH = YES;
				"CODE_SIGN_IDENTITY[sdk=iphoneos*]" = "iPhone Developer";
				COPY_PHASE_STRIP = NO;
				DEBUG_INFORMATION_FORMAT = "dwarf-with-dsym";
				ENABLE_NS_ASSERTIONS = NO;
				ENABLE_STRICT_OBJC_MSGSEND = YES;
				GCC_C_LANGUAGE_STANDARD = gnu99;
				GCC_NO_COMMON_BLOCKS = YES;
				GCC_WARN_64_TO_32_BIT_CONVERSION = YES;
				GCC_WARN_ABOUT_RETURN_TYPE = YES_ERROR;
				GCC_WARN_UNDECLARED_SELECTOR = YES;
				GCC_WARN_UNINITIALIZED_AUTOS = YES_AGGRESSIVE;
				GCC_WARN_UNUSED_FUNCTION = YES;
				GCC_WARN_UNUSED_VARIABLE = YES;
				IPHONEOS_DEPLOYMENT_TARGET = 9.2;
				MTL_ENABLE_DEBUG_INFO = NO;
				SDKROOT = iphoneos;
				VALIDATE_PRODUCT = YES;
			};
			name = Release;
		};
		B5CFD1BF1C7B695600BC95CD /* Debug */ = {
			isa = XCBuildConfiguration;
			baseConfigurationReference = F8D77F08DEEEDF8701441830 /* Pods.debug.xcconfig */;
			buildSettings = {
				ASSETCATALOG_COMPILER_APPICON_NAME = AppIcon;
				INFOPLIST_FILE = InstagramFeed/Info.plist;
				LD_RUNPATH_SEARCH_PATHS = "$(inherited) @executable_path/Frameworks";
				PRODUCT_BUNDLE_IDENTIFIER = nearsoft.InstagramFeed;
				PRODUCT_NAME = "$(TARGET_NAME)";
			};
			name = Debug;
		};
		B5CFD1C01C7B695600BC95CD /* Release */ = {
			isa = XCBuildConfiguration;
			baseConfigurationReference = ADB41A092FEF79848CEEFCF3 /* Pods.release.xcconfig */;
			buildSettings = {
				ASSETCATALOG_COMPILER_APPICON_NAME = AppIcon;
				INFOPLIST_FILE = InstagramFeed/Info.plist;
				LD_RUNPATH_SEARCH_PATHS = "$(inherited) @executable_path/Frameworks";
				PRODUCT_BUNDLE_IDENTIFIER = nearsoft.InstagramFeed;
				PRODUCT_NAME = "$(TARGET_NAME)";
			};
			name = Release;
		};
/* End XCBuildConfiguration section */

/* Begin XCConfigurationList section */
		B5CFD1A21C7B695600BC95CD /* Build configuration list for PBXProject "InstagramFeed" */ = {
			isa = XCConfigurationList;
			buildConfigurations = (
				B5CFD1BC1C7B695600BC95CD /* Debug */,
				B5CFD1BD1C7B695600BC95CD /* Release */,
			);
			defaultConfigurationIsVisible = 0;
			defaultConfigurationName = Release;
		};
		B5CFD1BE1C7B695600BC95CD /* Build configuration list for PBXNativeTarget "InstagramFeed" */ = {
			isa = XCConfigurationList;
			buildConfigurations = (
				B5CFD1BF1C7B695600BC95CD /* Debug */,
				B5CFD1C01C7B695600BC95CD /* Release */,
			);
			defaultConfigurationIsVisible = 0;
			defaultConfigurationName = Release;
		};
/* End XCConfigurationList section */
	};
	rootObject = B5CFD19F1C7B695600BC95CD /* Project object */;
}
