// !$*UTF8*$!
{
	archiveVersion = 1;
	classes = {
	};
	objectVersion = 46;
	objects = {

/* Begin PBXBuildFile section */
		B593EEB91C6912710002533A /* main.m in Sources */ = {isa = PBXBuildFile; fileRef = B593EEB81C6912710002533A /* main.m */; };
		B593EEBC1C6912710002533A /* AppDelegate.m in Sources */ = {isa = PBXBuildFile; fileRef = B593EEBB1C6912710002533A /* AppDelegate.m */; };
		B593EEBF1C6912710002533A /* ViewController.m in Sources */ = {isa = PBXBuildFile; fileRef = B593EEBE1C6912710002533A /* ViewController.m */; };
		B593EEC21C6912710002533A /* Main.storyboard in Resources */ = {isa = PBXBuildFile; fileRef = B593EEC01C6912710002533A /* Main.storyboard */; };
		B593EEC41C6912710002533A /* Assets.xcassets in Resources */ = {isa = PBXBuildFile; fileRef = B593EEC31C6912710002533A /* Assets.xcassets */; };
		B593EEC71C6912710002533A /* LaunchScreen.storyboard in Resources */ = {isa = PBXBuildFile; fileRef = B593EEC51C6912710002533A /* LaunchScreen.storyboard */; };
/* End PBXBuildFile section */

/* Begin PBXFileReference section */
		B593EEB41C6912710002533A /* StrutsProblem.app */ = {isa = PBXFileReference; explicitFileType = wrapper.application; includeInIndex = 0; path = StrutsProblem.app; sourceTree = BUILT_PRODUCTS_DIR; };
		B593EEB81C6912710002533A /* main.m */ = {isa = PBXFileReference; lastKnownFileType = sourcecode.c.objc; path = main.m; sourceTree = "<group>"; };
		B593EEBA1C6912710002533A /* AppDelegate.h */ = {isa = PBXFileReference; lastKnownFileType = sourcecode.c.h; path = AppDelegate.h; sourceTree = "<group>"; };
		B593EEBB1C6912710002533A /* AppDelegate.m */ = {isa = PBXFileReference; lastKnownFileType = sourcecode.c.objc; path = AppDelegate.m; sourceTree = "<group>"; };
		B593EEBD1C6912710002533A /* ViewController.h */ = {isa = PBXFileReference; lastKnownFileType = sourcecode.c.h; path = ViewController.h; sourceTree = "<group>"; };
		B593EEBE1C6912710002533A /* ViewController.m */ = {isa = PBXFileReference; lastKnownFileType = sourcecode.c.objc; path = ViewController.m; sourceTree = "<group>"; };
		B593EEC11C6912710002533A /* Base */ = {isa = PBXFileReference; lastKnownFileType = file.storyboard; name = Base; path = Base.lproj/Main.storyboard; sourceTree = "<group>"; };
		B593EEC31C6912710002533A /* Assets.xcassets */ = {isa = PBXFileReference; lastKnownFileType = folder.assetcatalog; path = Assets.xcassets; sourceTree = "<group>"; };
		B593EEC61C6912710002533A /* Base */ = {isa = PBXFileReference; lastKnownFileType = file.storyboard; name = Base; path = Base.lproj/LaunchScreen.storyboard; sourceTree = "<group>"; };
		B593EEC81C6912710002533A /* Info.plist */ = {isa = PBXFileReference; lastKnownFileType = text.plist.xml; path = Info.plist; sourceTree = "<group>"; };
/* End PBXFileReference section */

/* Begin PBXFrameworksBuildPhase section */
		B593EEB11C6912710002533A /* Frameworks */ = {
			isa = PBXFrameworksBuildPhase;
			buildActionMask = 2147483647;
			files = (
			);
			runOnlyForDeploymentPostprocessing = 0;
		};
/* End PBXFrameworksBuildPhase section */

/* Begin PBXGroup section */
		B593EEAB1C6912710002533A = {
			isa = PBXGroup;
			children = (
				B593EEB61C6912710002533A /* StrutsProblem */,
				B593EEB51C6912710002533A /* Products */,
			);
			sourceTree = "<group>";
		};
		B593EEB51C6912710002533A /* Products */ = {
			isa = PBXGroup;
			children = (
				B593EEB41C6912710002533A /* StrutsProblem.app */,
			);
			name = Products;
			sourceTree = "<group>";
		};
		B593EEB61C6912710002533A /* StrutsProblem */ = {
			isa = PBXGroup;
			children = (
				B593EEBA1C6912710002533A /* AppDelegate.h */,
				B593EEBB1C6912710002533A /* AppDelegate.m */,
				B593EEBD1C6912710002533A /* ViewController.h */,
				B593EEBE1C6912710002533A /* ViewController.m */,
				B593EEC01C6912710002533A /* Main.storyboard */,
				B593EEC31C6912710002533A /* Assets.xcassets */,
				B593EEC51C6912710002533A /* LaunchScreen.storyboard */,
				B593EEC81C6912710002533A /* Info.plist */,
				B593EEB71C6912710002533A /* Supporting Files */,
			);
			path = StrutsProblem;
			sourceTree = "<group>";
		};
		B593EEB71C6912710002533A /* Supporting Files */ = {
			isa = PBXGroup;
			children = (
				B593EEB81C6912710002533A /* main.m */,
			);
			name = "Supporting Files";
			sourceTree = "<group>";
		};
/* End PBXGroup section */

/* Begin PBXNativeTarget section */
		B593EEB31C6912710002533A /* StrutsProblem */ = {
			isa = PBXNativeTarget;
			buildConfigurationList = B593EECB1C6912710002533A /* Build configuration list for PBXNativeTarget "StrutsProblem" */;
			buildPhases = (
				B593EEB01C6912710002533A /* Sources */,
				B593EEB11C6912710002533A /* Frameworks */,
				B593EEB21C6912710002533A /* Resources */,
			);
			buildRules = (
			);
			dependencies = (
			);
			name = StrutsProblem;
			productName = StrutsProblem;
			productReference = B593EEB41C6912710002533A /* StrutsProblem.app */;
			productType = "com.apple.product-type.application";
		};
/* End PBXNativeTarget section */

/* Begin PBXProject section */
		B593EEAC1C6912710002533A /* Project object */ = {
			isa = PBXProject;
			attributes = {
				LastUpgradeCheck = 0720;
				ORGANIZATIONNAME = projas;
				TargetAttributes = {
					B593EEB31C6912710002533A = {
						CreatedOnToolsVersion = 7.2.1;
					};
				};
			};
			buildConfigurationList = B593EEAF1C6912710002533A /* Build configuration list for PBXProject "StrutsProblem" */;
			compatibilityVersion = "Xcode 3.2";
			developmentRegion = English;
			hasScannedForEncodings = 0;
			knownRegions = (
				en,
				Base,
			);
			mainGroup = B593EEAB1C6912710002533A;
			productRefGroup = B593EEB51C6912710002533A /* Products */;
			projectDirPath = "";
			projectRoot = "";
			targets = (
				B593EEB31C6912710002533A /* StrutsProblem */,
			);
		};
/* End PBXProject section */

/* Begin PBXResourcesBuildPhase section */
		B593EEB21C6912710002533A /* Resources */ = {
			isa = PBXResourcesBuildPhase;
			buildActionMask = 2147483647;
			files = (
				B593EEC71C6912710002533A /* LaunchScreen.storyboard in Resources */,
				B593EEC41C6912710002533A /* Assets.xcassets in Resources */,
				B593EEC21C6912710002533A /* Main.storyboard in Resources */,
			);
			runOnlyForDeploymentPostprocessing = 0;
		};
/* End PBXResourcesBuildPhase section */

/* Begin PBXSourcesBuildPhase section */
		B593EEB01C6912710002533A /* Sources */ = {
			isa = PBXSourcesBuildPhase;
			buildActionMask = 2147483647;
			files = (
				B593EEBF1C6912710002533A /* ViewController.m in Sources */,
				B593EEBC1C6912710002533A /* AppDelegate.m in Sources */,
				B593EEB91C6912710002533A /* main.m in Sources */,
			);
			runOnlyForDeploymentPostprocessing = 0;
		};
/* End PBXSourcesBuildPhase section */

/* Begin PBXVariantGroup section */
		B593EEC01C6912710002533A /* Main.storyboard */ = {
			isa = PBXVariantGroup;
			children = (
				B593EEC11C6912710002533A /* Base */,
			);
			name = Main.storyboard;
			sourceTree = "<group>";
		};
		B593EEC51C6912710002533A /* LaunchScreen.storyboard */ = {
			isa = PBXVariantGroup;
			children = (
				B593EEC61C6912710002533A /* Base */,
			);
			name = LaunchScreen.storyboard;
			sourceTree = "<group>";
		};
/* End PBXVariantGroup section */

/* Begin XCBuildConfiguration section */
		B593EEC91C6912710002533A /* Debug */ = {
			isa = XCBuildConfiguration;
			buildSettings = {
				ALWAYS_SEARCH_USER_PATHS = NO;
				CLANG_CXX_LANGUAGE_STANDARD = "gnu++0x";
				CLANG_CXX_LIBRARY = "libc++";
				CLANG_ENABLE_MODULES = YES;
				CLANG_ENABLE_OBJC_ARC = YES;
				CLANG_WARN_BOOL_CONVERSION = YES;
				CLANG_WARN_CONSTANT_CONVERSION = YES;
				CLANG_WARN_DIRECT_OBJC_ISA_USAGE = YES_ERROR;
				CLANG_WARN_EMPTY_BODY = YES;
				CLANG_WARN_ENUM_CONVERSION = YES;
				CLANG_WARN_INT_CONVERSION = YES;
				CLANG_WARN_OBJC_ROOT_CLASS = YES_ERROR;
				CLANG_WARN_UNREACHABLE_CODE = YES;
				CLANG_WARN__DUPLICATE_METHOD_MATCH = YES;
				"CODE_SIGN_IDENTITY[sdk=iphoneos*]" = "iPhone Developer";
				COPY_PHASE_STRIP = NO;
				DEBUG_INFORMATION_FORMAT = dwarf;
				ENABLE_STRICT_OBJC_MSGSEND = YES;
				ENABLE_TESTABILITY = YES;
				GCC_C_LANGUAGE_STANDARD = gnu99;
				GCC_DYNAMIC_NO_PIC = NO;
				GCC_NO_COMMON_BLOCKS = YES;
				GCC_OPTIMIZATION_LEVEL = 0;
				GCC_PREPROCESSOR_DEFINITIONS = (
					"DEBUG=1",
					"$(inherited)",
				);
				GCC_WARN_64_TO_32_BIT_CONVERSION = YES;
				GCC_WARN_ABOUT_RETURN_TYPE = YES_ERROR;
				GCC_WARN_UNDECLARED_SELECTOR = YES;
				GCC_WARN_UNINITIALIZED_AUTOS = YES_AGGRESSIVE;
				GCC_WARN_UNUSED_FUNCTION = YES;
				GCC_WARN_UNUSED_VARIABLE = YES;
				IPHONEOS_DEPLOYMENT_TARGET = 9.2;
				MTL_ENABLE_DEBUG_INFO = YES;
				ONLY_ACTIVE_ARCH = YES;
				SDKROOT = iphoneos;
			};
			name = Debug;
		};
		B593EECA1C6912710002533A /* Release */ = {
			isa = XCBuildConfiguration;
			buildSettings = {
				ALWAYS_SEARCH_USER_PATHS = NO;
				CLANG_CXX_LANGUAGE_STANDARD = "gnu++0x";
				CLANG_CXX_LIBRARY = "libc++";
				CLANG_ENABLE_MODULES = YES;
				CLANG_ENABLE_OBJC_ARC = YES;
				CLANG_WARN_BOOL_CONVERSION = YES;
				CLANG_WARN_CONSTANT_CONVERSION = YES;
				CLANG_WARN_DIRECT_OBJC_ISA_USAGE = YES_ERROR;
				CLANG_WARN_EMPTY_BODY = YES;
				CLANG_WARN_ENUM_CONVERSION = YES;
				CLANG_WARN_INT_CONVERSION = YES;
				CLANG_WARN_OBJC_ROOT_CLASS = YES_ERROR;
				CLANG_WARN_UNREACHABLE_CODE = YES;
				CLANG_WARN__DUPLICATE_METHOD_MATCH = YES;
				"CODE_SIGN_IDENTITY[sdk=iphoneos*]" = "iPhone Developer";
				COPY_PHASE_STRIP = NO;
				DEBUG_INFORMATION_FORMAT = "dwarf-with-dsym";
				ENABLE_NS_ASSERTIONS = NO;
				ENABLE_STRICT_OBJC_MSGSEND = YES;
				GCC_C_LANGUAGE_STANDARD = gnu99;
				GCC_NO_COMMON_BLOCKS = YES;
				GCC_WARN_64_TO_32_BIT_CONVERSION = YES;
				GCC_WARN_ABOUT_RETURN_TYPE = YES_ERROR;
				GCC_WARN_UNDECLARED_SELECTOR = YES;
				GCC_WARN_UNINITIALIZED_AUTOS = YES_AGGRESSIVE;
				GCC_WARN_UNUSED_FUNCTION = YES;
				GCC_WARN_UNUSED_VARIABLE = YES;
				IPHONEOS_DEPLOYMENT_TARGET = 9.2;
				MTL_ENABLE_DEBUG_INFO = NO;
				SDKROOT = iphoneos;
				VALIDATE_PRODUCT = YES;
			};
			name = Release;
		};
		B593EECC1C6912710002533A /* Debug */ = {
			isa = XCBuildConfiguration;
			buildSettings = {
				ASSETCATALOG_COMPILER_APPICON_NAME = AppIcon;
				INFOPLIST_FILE = StrutsProblem/Info.plist;
				LD_RUNPATH_SEARCH_PATHS = "$(inherited) @executable_path/Frameworks";
				PRODUCT_BUNDLE_IDENTIFIER = nearsoft.StrutsProblem;
				PRODUCT_NAME = "$(TARGET_NAME)";
			};
			name = Debug;
		};
		B593EECD1C6912710002533A /* Release */ = {
			isa = XCBuildConfiguration;
			buildSettings = {
				ASSETCATALOG_COMPILER_APPICON_NAME = AppIcon;
				INFOPLIST_FILE = StrutsProblem/Info.plist;
				LD_RUNPATH_SEARCH_PATHS = "$(inherited) @executable_path/Frameworks";
				PRODUCT_BUNDLE_IDENTIFIER = nearsoft.StrutsProblem;
				PRODUCT_NAME = "$(TARGET_NAME)";
			};
			name = Release;
		};
/* End XCBuildConfiguration section */

/* Begin XCConfigurationList section */
		B593EEAF1C6912710002533A /* Build configuration list for PBXProject "StrutsProblem" */ = {
			isa = XCConfigurationList;
			buildConfigurations = (
				B593EEC91C6912710002533A /* Debug */,
				B593EECA1C6912710002533A /* Release */,
			);
			defaultConfigurationIsVisible = 0;
			defaultConfigurationName = Release;
		};
		B593EECB1C6912710002533A /* Build configuration list for PBXNativeTarget "StrutsProblem" */ = {
			isa = XCConfigurationList;
			buildConfigurations = (
				B593EECC1C6912710002533A /* Debug */,
				B593EECD1C6912710002533A /* Release */,
			);
			defaultConfigurationIsVisible = 0;
		};
/* End XCConfigurationList section */
	};
	rootObject = B593EEAC1C6912710002533A /* Project object */;
}
