PODS:
  - Alamofire (3.4.1)
  - AlamofireImage (2.4.1):
    - Alamofire (~> 3.3)
  - ObjectMapper (1.4.0)
  - OMGHTTPURLRQ (3.2.0):
    - OMGHTTPURLRQ/RQ (= 3.2.0)
  - OMGHTTPURLRQ/FormURLEncode (3.2.0)
  - OMGHTTPURLRQ/RQ (3.2.0):
    - OMGHTTPURLRQ/FormURLEncode
    - OMGHTTPURLRQ/UserAgent
  - OMGHTTPURLRQ/UserAgent (3.2.0)
  - PromiseKit (3.5.0):
    - PromiseKit/Foundation (= 3.5.0)
    - PromiseKit/QuartzCore (= 3.5.0)
    - PromiseKit/UIKit (= 3.5.0)
  - PromiseKit/CorePromise (3.5.0)
  - PromiseKit/Foundation (3.5.0):
    - OMGHTTPURLRQ (~> 3.2.0)
    - PromiseKit/CorePromise
  - PromiseKit/QuartzCore (3.5.0):
    - PromiseKit/CorePromise
  - PromiseKit/UIKit (3.5.0):
    - PromiseKit/CorePromise

DEPENDENCIES:
  - AlamofireImage (~> 2.0)
  - ObjectMapper (~> 1.2)
  - PromiseKit (~> 3.4)

SPEC CHECKSUMS:
  Alamofire: 01a82e2f6c0f860ade35534c8dd88be61bdef40c
  AlamofireImage: 3ccf3347d9ea24580dc11fb892770a0be6a29826
  ObjectMapper: a07ad0462c5adf014adc0f89ef04c29b626e855e
  OMGHTTPURLRQ: 1e54807cb7d5dbb506926e53498e1e9ac5720c79
  PromiseKit: 3a8a529c0571f8c2c423dba0897ff39bc060bf92

PODFILE CHECKSUM: ee666d0a2657502a86c5039663273141318a2362

COCOAPODS: 1.0.1
